<?xml version="1.0" encoding="utf-8"?>
<Project ToolsVersion="4.0" xmlns="http://schemas.microsoft.com/developer/msbuild/2003">
  <ItemGroup>
    <ClCompile Include="11399_ATM.cpp">
      <Filter>02_Greedy</Filter>
    </ClCompile>
    <ClCompile Include="11047_Coin 0.cpp">
      <Filter>02_Greedy</Filter>
    </ClCompile>
    <ClCompile Include="1912_Continuous Sum.cpp">
      <Filter>07_Dynamic Programming</Filter>
    </ClCompile>
    <ClCompile Include="1463_To 1.cpp">
      <Filter>07_Dynamic Programming</Filter>
    </ClCompile>
    <ClCompile Include="2293_Coin 1.cpp">
      <Filter>07_Dynamic Programming</Filter>
    </ClCompile>
    <ClCompile Include="11866_Josephus.cpp">
      <Filter>01_Implement</Filter>
    </ClCompile>
    <ClCompile Include="10814_Age Sort.cpp">
      <Filter>04_Sort</Filter>
    </ClCompile>
    <ClCompile Include="13305_Gas Station 1th.cpp">
      <Filter>02_Greedy</Filter>
    </ClCompile>
    <ClCompile Include="1541_Lost Bracket.cpp">
      <Filter>02_Greedy</Filter>
    </ClCompile>
    <ClCompile Include="1931_Room Assignments.cpp">
      <Filter>02_Greedy</Filter>
    </ClCompile>
    <ClCompile Include="5585_Exchanges.cpp">
      <Filter>02_Greedy</Filter>
    </ClCompile>
    <ClCompile Include="1543_Search Doc.cpp">
      <Filter>02_Greedy</Filter>
    </ClCompile>
    <ClCompile Include="20044_Project Teams.cpp">
      <Filter>02_Greedy</Filter>
    </ClCompile>
    <ClCompile Include="1459_Walking.cpp">
      <Filter>02_Greedy</Filter>
    </ClCompile>
    <ClCompile Include="2885_Chocolate.cpp">
      <Filter>02_Greedy</Filter>
    </ClCompile>
    <ClCompile Include="2891_Strong Wind.cpp">
      <Filter>02_Greedy</Filter>
    </ClCompile>
    <ClCompile Include="1802_Fold Paper.cpp">
      <Filter>02_Greedy</Filter>
    </ClCompile>
    <ClCompile Include="2012_Rank.cpp">
      <Filter>02_Greedy</Filter>
    </ClCompile>
    <ClCompile Include="12018_Yonsei.cpp">
      <Filter>02_Greedy</Filter>
    </ClCompile>
    <ClCompile Include="2785_Chain.cpp">
      <Filter>02_Greedy</Filter>
    </ClCompile>
    <ClCompile Include="11501_Stock.cpp">
      <Filter>02_Greedy</Filter>
    </ClCompile>
    <ClCompile Include="13305_Gas Station 2th.cpp">
      <Filter>02_Greedy</Filter>
    </ClCompile>
    <ClCompile Include="1181.cpp">
      <Filter>04_Sort</Filter>
    </ClCompile>
    <ClCompile Include="1259.cpp">
      <Filter>01_Implement</Filter>
    </ClCompile>
    <ClCompile Include="1920.cpp">
      <Filter>06_Binary Serach</Filter>
    </ClCompile>
    <ClCompile Include="2164.cpp">
      <Filter>03_Stack / Queue</Filter>
    </ClCompile>
    <ClCompile Include="2609.cpp">
      <Filter>01_Implement</Filter>
    </ClCompile>
    <ClCompile Include="2798.cpp">
      <Filter>01_Implement</Filter>
    </ClCompile>
    <ClCompile Include="7568.cpp">
      <Filter>01_Implement</Filter>
    </ClCompile>
    <ClCompile Include="9012.cpp">
      <Filter>03_Stack / Queue</Filter>
    </ClCompile>
    <ClCompile Include="10816.cpp">
      <Filter>06_Binary Serach</Filter>
    </ClCompile>
    <ClCompile Include="1978_Prime Number.cpp">
      <Filter>01_Implement</Filter>
    </ClCompile>
    <ClCompile Include="4153_Right Triangle.cpp">
      <Filter>01_Implement</Filter>
    </ClCompile>
    <ClCompile Include="15829_Hashing.cpp">
      <Filter>01_Implement</Filter>
    </ClCompile>
    <ClCompile Include="1874_Stack Sequence.cpp">
      <Filter>03_Stack / Queue</Filter>
    </ClCompile>
    <ClCompile Include="7568_Big.cpp">
      <Filter>01_Implement</Filter>
    </ClCompile>
    <ClCompile Include="1929_Prime Number.cpp">
      <Filter>01_Implement</Filter>
    </ClCompile>
    <ClCompile Include="2231_Disassemble.cpp">
      <Filter>01_Implement</Filter>
    </ClCompile>
    <ClCompile Include="18111_MineCraft.cpp">
      <Filter>01_Implement</Filter>
    </ClCompile>
    <ClCompile Include="17413_Reverse Word Stack Version.cpp">
      <Filter>03_Stack / Queue</Filter>
    </ClCompile>
    <ClCompile Include="17413_Reverse Word.cpp">
      <Filter>01_Implement</Filter>
    </ClCompile>
    <ClCompile Include="4949_Balanced World.cpp">
      <Filter>03_Stack / Queue</Filter>
    </ClCompile>
    <ClCompile Include="2108_Statistic.cpp">
      <Filter>01_Implement</Filter>
    </ClCompile>
    <ClCompile Include="1966_PrinterQueue.cpp">
      <Filter>03_Stack / Queue</Filter>
    </ClCompile>
    <ClCompile Include="1676_Factorial.cpp">
      <Filter>01_Implement</Filter>
    </ClCompile>
    <ClCompile Include="23300_Web Browser.cpp">
      <Filter>03_Stack / Queue</Filter>
    </ClCompile>
    <ClCompile Include="3986_Good Word.cpp">
      <Filter>03_Stack / Queue</Filter>
    </ClCompile>
    <ClCompile Include="1935_Postfix.cpp">
      <Filter>03_Stack / Queue</Filter>
    </ClCompile>
    <ClCompile Include="1018_ChessBoard.cpp">
      <Filter>01_Implement</Filter>
    </ClCompile>
    <ClCompile Include="4963_Island Count.cpp">
      <Filter>05_BFS / DFS\Miro</Filter>
    </ClCompile>
    <ClCompile Include="1012_Cabbage.cpp">
      <Filter>05_BFS / DFS\Miro</Filter>
    </ClCompile>
    <ClCompile Include="1926_Picture.cpp">
      <Filter>05_BFS / DFS\Miro</Filter>
    </ClCompile>
    <ClCompile Include="2178_Miro.cpp">
      <Filter>05_BFS / DFS\Miro</Filter>
    </ClCompile>
    <ClCompile Include="2468_Safe Area.cpp">
      <Filter>05_BFS / DFS\Miro</Filter>
    </ClCompile>
    <ClCompile Include="2583_Calculate Area.cpp">
      <Filter>05_BFS / DFS\Miro</Filter>
    </ClCompile>
    <ClCompile Include="2667_Number Attach.cpp">
      <Filter>05_BFS / DFS\Miro</Filter>
    </ClCompile>
    <ClCompile Include="1260_DFS BFS.cpp">
      <Filter>05_BFS / DFS\Common</Filter>
    </ClCompile>
    <ClCompile Include="1325_Hacking.cpp">
      <Filter>05_BFS / DFS\Common</Filter>
    </ClCompile>
    <ClCompile Include="1389_Bacon%27s six laws.cpp">
      <Filter>05_BFS / DFS\Common</Filter>
    </ClCompile>
    <ClCompile Include="1463_Make It 1.cpp">
      <Filter>05_BFS / DFS\Common</Filter>
    </ClCompile>
    <ClCompile Include="1697_Hide on bush.cpp">
      <Filter>05_BFS / DFS\Common</Filter>
    </ClCompile>
    <ClCompile Include="2331_Repeat Number.cpp">
      <Filter>05_BFS / DFS\Common</Filter>
    </ClCompile>
    <ClCompile Include="2606_Virus.cpp">
      <Filter>05_BFS / DFS\Common</Filter>
    </ClCompile>
    <ClCompile Include="2644_Number of Relatives.cpp">
      <Filter>05_BFS / DFS\Common</Filter>
    </ClCompile>
    <ClCompile Include="7576_Tomato.cpp">
      <Filter>05_BFS / DFS\Common</Filter>
    </ClCompile>
    <ClCompile Include="10451_Permultation2.cpp">
      <Filter>05_BFS / DFS\Common</Filter>
    </ClCompile>
    <ClCompile Include="10451_Permutation.cpp">
      <Filter>05_BFS / DFS\Common</Filter>
    </ClCompile>
    <ClCompile Include="10971_Traveling Salesman Problem 2.cpp">
      <Filter>05_BFS / DFS\Common</Filter>
    </ClCompile>
    <ClCompile Include="11724_Connect Count.cpp">
      <Filter>05_BFS / DFS\Common</Filter>
    </ClCompile>
    <ClCompile Include="11725_Find_TreeParent.cpp">
      <Filter>05_BFS / DFS\Common</Filter>
    </ClCompile>
    <ClCompile Include="15649_N&amp;M.cpp">
      <Filter>05_BFS / DFS\Back Tracking</Filter>
    </ClCompile>
    <ClCompile Include="15650_N&amp;M2.cpp">
      <Filter>05_BFS / DFS\Back Tracking</Filter>
    </ClCompile>
    <ClCompile Include="15651_N&amp;M3.cpp">
      <Filter>05_BFS / DFS\Back Tracking</Filter>
    </ClCompile>
    <ClCompile Include="2805_CutTree.cpp">
      <Filter>06_Binary Serach</Filter>
    </ClCompile>
    <ClCompile Include="BadCode_For_CodingTest.cpp">
      <Filter>BaaaarkingDog_Algorithm</Filter>
    </ClCompile>
    <ClCompile Include="NiceCode_For_CodingTest.cpp">
      <Filter>BaaaarkingDog_Algorithm</Filter>
    </ClCompile>
    <ClCompile Include="arrayTest.cpp">
      <Filter>BaaaarkingDog_Algorithm\01_Array</Filter>
    </ClCompile>
    <ClCompile Include="vectorTest.cpp">
      <Filter>BaaaarkingDog_Algorithm\01_Array</Filter>
    </ClCompile>
    <ClCompile Include="sum_100_optimize.cpp">
      <Filter>BaaaarkingDog_Algorithm\01_Array</Filter>
    </ClCompile>
    <ClCompile Include="2577.cpp">
      <Filter>BaaaarkingDog_Algorithm\01_Array</Filter>
    </ClCompile>
    <ClCompile Include="1475.cpp">
      <Filter>BaaaarkingDog_Algorithm\01_Array</Filter>
    </ClCompile>
    <ClCompile Include="3273.cpp">
      <Filter>BaaaarkingDog_Algorithm\01_Array</Filter>
    </ClCompile>
    <ClCompile Include="10807.cpp">
      <Filter>BaaaarkingDog_Algorithm\01_Array</Filter>
    </ClCompile>
    <ClCompile Include="13300.cpp">
      <Filter>BaaaarkingDog_Algorithm\01_Array</Filter>
    </ClCompile>
    <ClCompile Include="11328.cpp">
      <Filter>BaaaarkingDog_Algorithm\01_Array</Filter>
    </ClCompile>
    <ClCompile Include="1919.cpp">
      <Filter>BaaaarkingDog_Algorithm\01_Array</Filter>
    </ClCompile>
    <ClCompile Include="_note_array.cpp">
      <Filter>BaaaarkingDog_Algorithm\01_Array</Filter>
    </ClCompile>
    <ClCompile Include="_note_linkedList.cpp">
      <Filter>BaaaarkingDog_Algorithm\02_Linked List</Filter>
    </ClCompile>
    <ClCompile Include="linkedListTest.cpp">
      <Filter>BaaaarkingDog_Algorithm\02_Linked List</Filter>
    </ClCompile>
    <ClCompile Include="linkedListExample.cpp">
      <Filter>BaaaarkingDog_Algorithm\02_Linked List</Filter>
    </ClCompile>
    <ClCompile Include="1406.cpp">
      <Filter>BaaaarkingDog_Algorithm\02_Linked List</Filter>
    </ClCompile>
    <ClCompile Include="hand_coding_1.cpp">
      <Filter>BaaaarkingDog_Algorithm\02_Linked List</Filter>
    </ClCompile>
    <ClCompile Include="hand_coding_2.cpp">
      <Filter>BaaaarkingDog_Algorithm\02_Linked List</Filter>
    </ClCompile>
    <ClCompile Include="5397.cpp">
      <Filter>BaaaarkingDog_Algorithm\02_Linked List</Filter>
    </ClCompile>
    <ClCompile Include="1158.cpp">
      <Filter>BaaaarkingDog_Algorithm\02_Linked List</Filter>
    </ClCompile>
    <ClCompile Include="_note_sort1.cpp">
      <Filter>BaaaarkingDog_Algorithm\10_Sort1</Filter>
    </ClCompile>
    <ClCompile Include="11728.cpp">
      <Filter>BaaaarkingDog_Algorithm\10_Sort1</Filter>
    </ClCompile>
    <ClCompile Include="sort_library.cpp">
      <Filter>BaaaarkingDog_Algorithm\10_Sort1</Filter>
    </ClCompile>
    <ClCompile Include="merge_sort_test.cpp">
      <Filter>BaaaarkingDog_Algorithm\10_Sort1</Filter>
    </ClCompile>
    <ClCompile Include="2751.cpp">
      <Filter>BaaaarkingDog_Algorithm\10_Sort1</Filter>
    </ClCompile>
    <ClCompile Include="Random.cpp">
      <Filter>Util</Filter>
    </ClCompile>
    <ClCompile Include="Timer.cpp">
      <Filter>Util</Filter>
    </ClCompile>
    <ClCompile Include="quick_sort_test.cpp">
      <Filter>BaaaarkingDog_Algorithm\10_Sort1</Filter>
    </ClCompile>
    <ClCompile Include="merge_sort_practice.cpp">
      <Filter>BaaaarkingDog_Algorithm\10_Sort1</Filter>
    </ClCompile>
    <ClCompile Include="10989.cpp">
      <Filter>BaaaarkingDog_Algorithm\10_Sort1</Filter>
    </ClCompile>
    <ClCompile Include="11931.cpp">
      <Filter>BaaaarkingDog_Algorithm\10_Sort1</Filter>
    </ClCompile>
    <ClCompile Include="15688.cpp">
      <Filter>BaaaarkingDog_Algorithm\10_Sort1</Filter>
    </ClCompile>
    <ClCompile Include="10814.cpp">
      <Filter>BaaaarkingDog_Algorithm\10_Sort1</Filter>
    </ClCompile>
    <ClCompile Include="test.cpp" />
    <ClCompile Include="_note_stack.cpp">
      <Filter>BaaaarkingDog_Algorithm\03_Stack</Filter>
    </ClCompile>
    <ClCompile Include="_note_deque.cpp">
      <Filter>BaaaarkingDog_Algorithm\05_Deque</Filter>
    </ClCompile>
    <ClCompile Include="_note_queue.cpp">
      <Filter>BaaaarkingDog_Algorithm\04_Queue</Filter>
    </ClCompile>
    <ClCompile Include="1021.cpp">
      <Filter>BaaaarkingDog_Algorithm\05_Deque</Filter>
    </ClCompile>
    <ClCompile Include="2164_2.cpp">
      <Filter>BaaaarkingDog_Algorithm\04_Queue</Filter>
    </ClCompile>
    <ClCompile Include="2493.cpp">
      <Filter>BaaaarkingDog_Algorithm\03_Stack</Filter>
    </ClCompile>
    <ClCompile Include="6198.cpp">
      <Filter>BaaaarkingDog_Algorithm\03_Stack</Filter>
    </ClCompile>
    <ClCompile Include="9012_2.cpp">
      <Filter>BaaaarkingDog_Algorithm\03_Stack</Filter>
    </ClCompile>
    <ClCompile Include="10828.cpp">
      <Filter>BaaaarkingDog_Algorithm\03_Stack</Filter>
    </ClCompile>
    <ClCompile Include="10845.cpp">
      <Filter>BaaaarkingDog_Algorithm\04_Queue</Filter>
    </ClCompile>
    <ClCompile Include="17298.cpp">
      <Filter>BaaaarkingDog_Algorithm\03_Stack</Filter>
    </ClCompile>
    <ClCompile Include="18258.cpp">
      <Filter>BaaaarkingDog_Algorithm\04_Queue</Filter>
    </ClCompile>
    <ClCompile Include="4949_2.cpp">
      <Filter>BaaaarkingDog_Algorithm\03_Stack</Filter>
    </ClCompile>
    <ClCompile Include="3986.cpp">
      <Filter>BaaaarkingDog_Algorithm\03_Stack</Filter>
    </ClCompile>
    <ClCompile Include="10799.cpp">
      <Filter>BaaaarkingDog_Algorithm\03_Stack</Filter>
    </ClCompile>
    <ClCompile Include="_note_bfs.cpp">
      <Filter>BaaaarkingDog_Algorithm\06_BFS</Filter>
    </ClCompile>
    <ClCompile Include="1926_2.cpp">
      <Filter>BaaaarkingDog_Algorithm\06_BFS</Filter>
    </ClCompile>
    <ClCompile Include="2178_2.cpp">
      <Filter>BaaaarkingDog_Algorithm\06_BFS</Filter>
    </ClCompile>
    <ClCompile Include="7576_tomato1.cpp">
      <Filter>BaaaarkingDog_Algorithm\06_BFS</Filter>
    </ClCompile>
    <ClCompile Include="problem2.cpp">
      <Filter>BaaaarkingDog_Algorithm\01_Array</Filter>
    </ClCompile>
    <ClCompile Include="1012.cpp">
      <Filter>BaaaarkingDog_Algorithm\06_BFS</Filter>
    </ClCompile>
    <ClCompile Include="7562_KnightMoving.cpp">
      <Filter>BaaaarkingDog_Algorithm\06_BFS</Filter>
    </ClCompile>
    <ClCompile Include="1012_Cabbage2.cpp">
      <Filter>BaaaarkingDog_Algorithm\06_BFS</Filter>
    </ClCompile>
    <ClCompile Include="4485_zelda.cpp">
      <Filter>BaaaarkingDog_Algorithm\16_Dijkstra</Filter>
    </ClCompile>
    <ClCompile Include="7569_tomato3.cpp">
      <Filter>BaaaarkingDog_Algorithm\06_BFS</Filter>
    </ClCompile>
    <ClCompile Include="7576_tomato2.cpp">
      <Filter>BaaaarkingDog_Algorithm\06_BFS</Filter>
    </ClCompile>
    <ClCompile Include="4179_Fire2.cpp">
      <Filter>BaaaarkingDog_Algorithm\06_BFS</Filter>
    </ClCompile>
    <ClCompile Include="_note_recursive.cpp">
      <Filter>BaaaarkingDog_Algorithm\07_Recursive</Filter>
    </ClCompile>
    <ClCompile Include="10026_redgreen.cpp">
      <Filter>BaaaarkingDog_Algorithm\06_BFS</Filter>
    </ClCompile>
    <ClCompile Include="5427_Fire1.cpp">
      <Filter>BaaaarkingDog_Algorithm\06_BFS</Filter>
    </ClCompile>
    <ClCompile Include="_node_recursive2.cpp">
      <Filter>BaaaarkingDog_Algorithm\07_Recursive</Filter>
    </ClCompile>
    <ClCompile Include="17478_whatisrecursive.cpp">
      <Filter>BaaaarkingDog_Algorithm\07_Recursive</Filter>
    </ClCompile>
    <ClCompile Include="1780_papercount.cpp">
      <Filter>BaaaarkingDog_Algorithm\07_Recursive</Filter>
    </ClCompile>
    <ClCompile Include="2630_colorpaper.cpp">
      <Filter>BaaaarkingDog_Algorithm\07_Recursive</Filter>
    </ClCompile>
    <ClCompile Include="1992_quadtree.cpp">
      <Filter>BaaaarkingDog_Algorithm\07_Recursive</Filter>
    </ClCompile>
    <ClCompile Include="2447_star1.cpp">
      <Filter>BaaaarkingDog_Algorithm\07_Recursive</Filter>
    </ClCompile>
    <ClCompile Include="2448_star2.cpp">
      <Filter>BaaaarkingDog_Algorithm\07_Recursive</Filter>
    </ClCompile>
    <ClCompile Include="_note_backTracking.cpp">
      <Filter>BaaaarkingDog_Algorithm\08_Back Tracking</Filter>
    </ClCompile>
    <ClCompile Include="15650_N&amp;M_2.cpp">
      <Filter>BaaaarkingDog_Algorithm\08_Back Tracking</Filter>
    </ClCompile>
    <ClCompile Include="15651_N&amp;M_3.cpp">
      <Filter>BaaaarkingDog_Algorithm\08_Back Tracking</Filter>
    </ClCompile>
    <ClCompile Include="15652_N&amp;M_4.cpp">
      <Filter>BaaaarkingDog_Algorithm\08_Back Tracking</Filter>
    </ClCompile>
    <ClCompile Include="15654_N&amp;M_5.cpp">
      <Filter>BaaaarkingDog_Algorithm\08_Back Tracking</Filter>
    </ClCompile>
    <ClCompile Include="15655_N&amp;M_6.cpp">
      <Filter>BaaaarkingDog_Algorithm\08_Back Tracking</Filter>
    </ClCompile>
    <ClCompile Include="15656_N&amp;M_7.cpp">
      <Filter>BaaaarkingDog_Algorithm\08_Back Tracking</Filter>
    </ClCompile>
    <ClCompile Include="2309_seven.cpp">
      <Filter>01_Implement</Filter>
    </ClCompile>
    <ClCompile Include="15657_N&amp;M_8.cpp">
      <Filter>BaaaarkingDog_Algorithm\08_Back Tracking</Filter>
    </ClCompile>
    <ClCompile Include="15663_N&amp;M_9.cpp">
      <Filter>BaaaarkingDog_Algorithm\08_Back Tracking</Filter>
    </ClCompile>
    <ClCompile Include="15664_N&amp;M_10.cpp">
      <Filter>BaaaarkingDog_Algorithm\08_Back Tracking</Filter>
    </ClCompile>
    <ClCompile Include="15665_N&amp;M_11.cpp">
      <Filter>BaaaarkingDog_Algorithm\08_Back Tracking</Filter>
    </ClCompile>
    <ClCompile Include="15666_N&amp;M_12.cpp">
      <Filter>BaaaarkingDog_Algorithm\08_Back Tracking</Filter>
    </ClCompile>
    <ClCompile Include="_note_implement.cpp">
      <Filter>BaaaarkingDog_Algorithm\09_Implement</Filter>
    </ClCompile>
    <ClCompile Include="15683_monitor.cpp">
      <Filter>BaaaarkingDog_Algorithm\09_Implement</Filter>
    </ClCompile>
    <ClCompile Include="18808_Sticker.cpp">
      <Filter>BaaaarkingDog_Algorithm\09_Implement</Filter>
    </ClCompile>
    <ClCompile Include="18808_Sticker2.cpp">
      <Filter>BaaaarkingDog_Algorithm\09_Implement</Filter>
    </ClCompile>
    <ClCompile Include="15686_chicken.cpp">
      <Filter>BaaaarkingDog_Algorithm\09_Implement</Filter>
    </ClCompile>
    <ClCompile Include="_note_nextpermutation.cpp">
      <Filter>BaaaarkingDog_Algorithm\08_Back Tracking</Filter>
    </ClCompile>
    <ClCompile Include="12100_2048%28Easy%29.cpp">
      <Filter>BaaaarkingDog_Algorithm\09_Implement</Filter>
    </ClCompile>
    <ClCompile Include="15683_badcase.cpp">
      <Filter>BaaaarkingDog_Algorithm\09_Implement</Filter>
    </ClCompile>
    <ClCompile Include="_note_simulation.cpp">
      <Filter>BaaaarkingDog_Algorithm\09_Implement</Filter>
    </ClCompile>
    <ClCompile Include="11729_hanoi.cpp">
      <Filter>BaaaarkingDog_Algorithm\07_Recursive</Filter>
    </ClCompile>
    <ClCompile Include="1074_Z.cpp">
      <Filter>BaaaarkingDog_Algorithm\07_Recursive</Filter>
    </ClCompile>
    <ClCompile Include="_note_sort2.cpp">
      <Filter>BaaaarkingDog_Algorithm\10_Sort2</Filter>
    </ClCompile>
    <ClCompile Include="15688_sorting5.cpp">
      <Filter>BaaaarkingDog_Algorithm\10_Sort2</Filter>
    </ClCompile>
    <ClCompile Include="1431_serialNumber.cpp">
      <Filter>BaaaarkingDog_Algorithm\10_Sort2</Filter>
    </ClCompile>
    <ClCompile Include="11652_card.cpp">
      <Filter>BaaaarkingDog_Algorithm\10_Sort2</Filter>
    </ClCompile>
    <ClCompile Include="1463_makeTo1.cpp">
      <Filter>BaaaarkingDog_Algorithm\11_Dynamic Proogramming</Filter>
    </ClCompile>
    <ClCompile Include="9095_add123.cpp">
      <Filter>BaaaarkingDog_Algorithm\11_Dynamic Proogramming</Filter>
    </ClCompile>
    <ClCompile Include="2579_stair_dp.cpp">
      <Filter>BaaaarkingDog_Algorithm\11_Dynamic Proogramming</Filter>
    </ClCompile>
    <ClCompile Include="1149_rgb_street.cpp">
      <Filter>BaaaarkingDog_Algorithm\11_Dynamic Proogramming</Filter>
    </ClCompile>
    <ClCompile Include="11726_2xn.cpp">
      <Filter>BaaaarkingDog_Algorithm\11_Dynamic Proogramming</Filter>
    </ClCompile>
    <ClCompile Include="11659_IntervalSum.cpp">
      <Filter>BaaaarkingDog_Algorithm\11_Dynamic Proogramming</Filter>
    </ClCompile>
    <ClCompile Include="12852_makeTo1_2.cpp">
      <Filter>BaaaarkingDog_Algorithm\11_Dynamic Proogramming</Filter>
    </ClCompile>
    <ClCompile Include="1003_fibonachi_function.cpp">
      <Filter>BaaaarkingDog_Algorithm\11_Dynamic Proogramming</Filter>
    </ClCompile>
    <ClCompile Include="1932_integer_triangle.cpp">
      <Filter>BaaaarkingDog_Algorithm\11_Dynamic Proogramming</Filter>
    </ClCompile>
    <ClCompile Include="11727_2xn_tiling_2.cpp">
      <Filter>BaaaarkingDog_Algorithm\11_Dynamic Proogramming</Filter>
    </ClCompile>
    <ClCompile Include="2193_pinary_number.cpp">
      <Filter>BaaaarkingDog_Algorithm\11_Dynamic Proogramming</Filter>
    </ClCompile>
    <ClCompile Include="1912_continue_sum.cpp">
      <Filter>BaaaarkingDog_Algorithm\11_Dynamic Proogramming</Filter>
    </ClCompile>
    <ClCompile Include="11055_biggest_numbers.cpp">
      <Filter>BaaaarkingDog_Algorithm\11_Dynamic Proogramming</Filter>
    </ClCompile>
    <ClCompile Include="11053_longest_numbers.cpp" />
    <ClCompile Include="9461_spiral.cpp">
      <Filter>BaaaarkingDog_Algorithm\11_Dynamic Proogramming</Filter>
    </ClCompile>
    <ClCompile Include="14501_leave.cpp">
      <Filter>BaaaarkingDog_Algorithm\11_Dynamic Proogramming</Filter>
    </ClCompile>
    <ClCompile Include="15486_leave2.cpp">
      <Filter>BaaaarkingDog_Algorithm\11_Dynamic Proogramming</Filter>
    </ClCompile>
    <ClCompile Include="10844_easyStartCount.cpp">
      <Filter>BaaaarkingDog_Algorithm\11_Dynamic Proogramming</Filter>
    </ClCompile>
    <ClCompile Include="note_greedy.cpp">
      <Filter>BaaaarkingDog_Algorithm\12_Greedy</Filter>
    </ClCompile>
    <ClCompile Include="11047_coin.cpp">
      <Filter>BaaaarkingDog_Algorithm\12_Greedy</Filter>
    </ClCompile>
    <ClCompile Include="1931_task_scheduling.cpp">
      <Filter>BaaaarkingDog_Algorithm\12_Greedy</Filter>
    </ClCompile>
    <ClCompile Include="2217_Rope.cpp">
      <Filter>BaaaarkingDog_Algorithm\12_Greedy</Filter>
    </ClCompile>
    <ClCompile Include="11559_puyopuyo.cpp">
      <Filter>BaaaarkingDog_Algorithm\09_Implement</Filter>
    </ClCompile>
    <ClCompile Include="14891_cogwheel.cpp">
      <Filter>BaaaarkingDog_Algorithm\09_Implement</Filter>
    </ClCompile>
    <ClCompile Include="14499_dice.cpp">
      <Filter>BaaaarkingDog_Algorithm\09_Implement</Filter>
    </ClCompile>
    <ClCompile Include="13335_truck.cpp">
      <Filter>BaaaarkingDog_Algorithm\09_Implement</Filter>
    </ClCompile>
  </ItemGroup>
  <ItemGroup>
    <Filter Include="04_Sort">
      <UniqueIdentifier>{4c104681-755c-4a2f-930a-8e51be418d2c}</UniqueIdentifier>
    </Filter>
    <Filter Include="01_Implement">
      <UniqueIdentifier>{e055d84a-5cb8-4806-9c03-05e3c8316439}</UniqueIdentifier>
    </Filter>
    <Filter Include="02_Greedy">
      <UniqueIdentifier>{7b596d8d-e898-4c31-aa9f-3a4fb6ff4195}</UniqueIdentifier>
    </Filter>
    <Filter Include="03_Stack / Queue">
      <UniqueIdentifier>{f1c45e69-112d-49f5-811c-2c1750b752b1}</UniqueIdentifier>
    </Filter>
    <Filter Include="05_BFS / DFS">
      <UniqueIdentifier>{4e5a4b35-8fa7-469e-9f00-64ce2d3de6fe}</UniqueIdentifier>
    </Filter>
    <Filter Include="06_Binary Serach">
      <UniqueIdentifier>{a2fa2763-6fe0-4082-a36e-92c129ebf134}</UniqueIdentifier>
    </Filter>
    <Filter Include="07_Dynamic Programming">
      <UniqueIdentifier>{28d2504d-20d2-426b-b6a1-a22b8f59bb6f}</UniqueIdentifier>
    </Filter>
    <Filter Include="05_BFS / DFS\Back Tracking">
      <UniqueIdentifier>{ba721647-5e22-47f0-8015-42e05179087a}</UniqueIdentifier>
    </Filter>
    <Filter Include="05_BFS / DFS\Miro">
      <UniqueIdentifier>{d314a008-c454-4c6a-bd2f-c6c348582b51}</UniqueIdentifier>
    </Filter>
    <Filter Include="05_BFS / DFS\Common">
      <UniqueIdentifier>{5fdf3e64-e56a-4531-a12e-d478069820e7}</UniqueIdentifier>
    </Filter>
    <Filter Include="BaaaarkingDog_Algorithm">
      <UniqueIdentifier>{8142395d-a259-4669-81bc-f2c026f32070}</UniqueIdentifier>
    </Filter>
    <Filter Include="Util">
      <UniqueIdentifier>{83e0de17-9930-4ca2-9944-17787d2d2edf}</UniqueIdentifier>
    </Filter>
    <Filter Include="BaaaarkingDog_Algorithm\01_Array">
      <UniqueIdentifier>{e943efeb-48c1-4266-be58-7a5da1e618f0}</UniqueIdentifier>
    </Filter>
    <Filter Include="BaaaarkingDog_Algorithm\02_Linked List">
      <UniqueIdentifier>{f38f3459-8d69-4dad-8ca9-d72db481fc54}</UniqueIdentifier>
    </Filter>
    <Filter Include="BaaaarkingDog_Algorithm\03_Stack">
      <UniqueIdentifier>{9f2862e0-1126-41b2-9d8d-9740fb2aa87c}</UniqueIdentifier>
    </Filter>
    <Filter Include="BaaaarkingDog_Algorithm\04_Queue">
      <UniqueIdentifier>{585e5fe8-471c-4672-920b-ce0a2fa79e52}</UniqueIdentifier>
    </Filter>
    <Filter Include="BaaaarkingDog_Algorithm\05_Deque">
      <UniqueIdentifier>{656180db-fdc1-49c1-a428-357119aa847a}</UniqueIdentifier>
    </Filter>
    <Filter Include="BaaaarkingDog_Algorithm\06_BFS">
      <UniqueIdentifier>{1ce36c25-b815-4b6a-b52a-d89c8a5131de}</UniqueIdentifier>
    </Filter>
    <Filter Include="BaaaarkingDog_Algorithm\10_Sort1">
      <UniqueIdentifier>{b3b18933-4b8e-4367-b116-a4d2f856dcb8}</UniqueIdentifier>
    </Filter>
    <Filter Include="BaaaarkingDog_Algorithm\16_Dijkstra">
      <UniqueIdentifier>{fa82ad63-43a0-4bf9-8f0b-f3a2dd4f56f0}</UniqueIdentifier>
    </Filter>
    <Filter Include="BaaaarkingDog_Algorithm\09_Implement">
      <UniqueIdentifier>{406b1975-8540-4490-bc67-da9b845db055}</UniqueIdentifier>
    </Filter>
    <Filter Include="BaaaarkingDog_Algorithm\08_Back Tracking">
      <UniqueIdentifier>{7f2b10fd-c6a6-4259-9ca6-08743d0739f3}</UniqueIdentifier>
    </Filter>
    <Filter Include="BaaaarkingDog_Algorithm\07_Recursive">
      <UniqueIdentifier>{cfdd3f6f-5e7a-472e-b04f-730050383b64}</UniqueIdentifier>
    </Filter>
    <Filter Include="BaaaarkingDog_Algorithm\11_Dynamic Proogramming">
      <UniqueIdentifier>{5f9fb3f0-2b01-41df-ac32-1f2ec8d3f155}</UniqueIdentifier>
    </Filter>
    <Filter Include="BaaaarkingDog_Algorithm\12_Greedy">
      <UniqueIdentifier>{bb924594-8f09-42f4-9b86-372e406cc8b8}</UniqueIdentifier>
    </Filter>
    <Filter Include="BaaaarkingDog_Algorithm\10_Sort2">
      <UniqueIdentifier>{fda5b62d-89bb-4300-bde4-acafc5554385}</UniqueIdentifier>
    </Filter>
  </ItemGroup>
  <ItemGroup>
    <ClInclude Include="Random.h">
      <Filter>Util</Filter>
    </ClInclude>
    <ClInclude Include="Timer.h">
      <Filter>Util</Filter>
    </ClInclude>
  </ItemGroup>
</Project>